
Microsoft Visual Studio Solution File, Format Version 12.00
# Visual Studio 15
VisualStudioVersion = 15.0.27428.2037
MinimumVisualStudioVersion = 10.0.40219.1
Project("{FAE04EC0-301F-11D3-BF4B-00C04F79EFBC}") = "my_sonnen", "my_sonnen\my_sonnen.csproj", "{05004487-6692-4644-A9B3-08E9310A5F2D}"
EndProject
Global
	GlobalSection(SolutionConfigurationPlatforms) = preSolution
		Debug|Any CPU = Debug|Any CPU
		Release|Any CPU = Release|Any CPU
	EndGlobalSection
	GlobalSection(ProjectConfigurationPlatforms) = postSolution
		{05004487-6692-4644-A9B3-08E9310A5F2D}.Debug|Any CPU.ActiveCfg = Debug|Any CPU
		{05004487-6692-4644-A9B3-08E9310A5F2D}.Debug|Any CPU.Build.0 = Debug|Any CPU
		{05004487-6692-4644-A9B3-08E9310A5F2D}.Release|Any CPU.ActiveCfg = Release|Any CPU
		{05004487-6692-4644-A9B3-08E9310A5F2D}.Release|Any CPU.Build.0 = Release|Any CPU
	EndGlobalSection
	GlobalSection(SolutionProperties) = preSolution
		HideSolutionNode = FALSE
	EndGlobalSection
	GlobalSection(ExtensibilityGlobals) = postSolution
		SolutionGuid = {7FBBB82B-A902-4929-A10F-020B0957FAEF}
	EndGlobalSection
EndGlobal
